
Microsoft Visual Studio Solution File, Format Version 12.00
# Visual Studio 14
VisualStudioVersion = 14.0.24720.0
MinimumVisualStudioVersion = 10.0.40219.1
Project("{FAE04EC0-301F-11D3-BF4B-00C04F79EFBC}") = "BitcoinPriceMonitor", "BitcoinPriceMonitor\BitcoinPriceMonitor.csproj", "{B3682C4E-8D49-4994-B142-31200312E352}"
EndProject
Project("{FAE04EC0-301F-11D3-BF4B-00C04F79EFBC}") = "BitcoinPriceMonitorTests", "BitcoinPriceMonitorTests\BitcoinPriceMonitorTests.csproj", "{FCCE0DAB-14CC-476D-9E67-D1629870D179}"
EndProject
Global
	GlobalSection(SolutionConfigurationPlatforms) = preSolution
		Debug|Any CPU = Debug|Any CPU
		Release|Any CPU = Release|Any CPU
	EndGlobalSection
	GlobalSection(ProjectConfigurationPlatforms) = postSolution
		{B3682C4E-8D49-4994-B142-31200312E352}.Debug|Any CPU.ActiveCfg = Debug|Any CPU
		{B3682C4E-8D49-4994-B142-31200312E352}.Debug|Any CPU.Build.0 = Debug|Any CPU
		{B3682C4E-8D49-4994-B142-31200312E352}.Release|Any CPU.ActiveCfg = Release|Any CPU
		{B3682C4E-8D49-4994-B142-31200312E352}.Release|Any CPU.Build.0 = Release|Any CPU
		{FCCE0DAB-14CC-476D-9E67-D1629870D179}.Debug|Any CPU.ActiveCfg = Debug|Any CPU
		{FCCE0DAB-14CC-476D-9E67-D1629870D179}.Debug|Any CPU.Build.0 = Debug|Any CPU
		{FCCE0DAB-14CC-476D-9E67-D1629870D179}.Release|Any CPU.ActiveCfg = Release|Any CPU
		{FCCE0DAB-14CC-476D-9E67-D1629870D179}.Release|Any CPU.Build.0 = Release|Any CPU
	EndGlobalSection
	GlobalSection(SolutionProperties) = preSolution
		HideSolutionNode = FALSE
	EndGlobalSection
EndGlobal
